
Microsoft Visual Studio Solution File, Format Version 12.00
# Visual Studio Version 17
VisualStudioVersion = 17.14.36414.22
MinimumVisualStudioVersion = 10.0.40219.1
Project("{FAE04EC0-301F-11D3-BF4B-00C04F79EFBC}") = "Client", "Client.csproj", "{FC8D86D7-DBBE-44EB-8AA4-D84A5D845CEC}"
EndProject
Global
	GlobalSection(SolutionConfigurationPlatforms) = preSolution
		Debug|Any CPU = Debug|Any CPU
		Release|Any CPU = Release|Any CPU
	EndGlobalSection
	GlobalSection(ProjectConfigurationPlatforms) = postSolution
		{FC8D86D7-DBBE-44EB-8AA4-D84A5D845CEC}.Debug|Any CPU.ActiveCfg = Debug|Any CPU
		{FC8D86D7-DBBE-44EB-8AA4-D84A5D845CEC}.Debug|Any CPU.Build.0 = Debug|Any CPU
		{FC8D86D7-DBBE-44EB-8AA4-D84A5D845CEC}.Release|Any CPU.ActiveCfg = Release|Any CPU
		{FC8D86D7-DBBE-44EB-8AA4-D84A5D845CEC}.Release|Any CPU.Build.0 = Release|Any CPU
	EndGlobalSection
	GlobalSection(SolutionProperties) = preSolution
		HideSolutionNode = FALSE
	EndGlobalSection
	GlobalSection(ExtensibilityGlobals) = postSolution
		SolutionGuid = {D6672697-3969-4BFB-9E76-74AEEE11643E}
	EndGlobalSection
EndGlobal
