
Microsoft Visual Studio Solution File, Format Version 12.00
# Visual Studio Version 17
VisualStudioVersion = 17.14.36127.28 d17.14
MinimumVisualStudioVersion = 10.0.40219.1
Project("{FAE04EC0-301F-11D3-BF4B-00C04F79EFBC}") = "Server", "Server.csproj", "{B041A234-4D8A-4AD1-97EC-1E2294FB709F}"
EndProject
Global
	GlobalSection(SolutionConfigurationPlatforms) = preSolution
		Debug|Any CPU = Debug|Any CPU
		Release|Any CPU = Release|Any CPU
	EndGlobalSection
	GlobalSection(ProjectConfigurationPlatforms) = postSolution
		{B041A234-4D8A-4AD1-97EC-1E2294FB709F}.Debug|Any CPU.ActiveCfg = Debug|Any CPU
		{B041A234-4D8A-4AD1-97EC-1E2294FB709F}.Debug|Any CPU.Build.0 = Debug|Any CPU
		{B041A234-4D8A-4AD1-97EC-1E2294FB709F}.Release|Any CPU.ActiveCfg = Release|Any CPU
		{B041A234-4D8A-4AD1-97EC-1E2294FB709F}.Release|Any CPU.Build.0 = Release|Any CPU
	EndGlobalSection
	GlobalSection(SolutionProperties) = preSolution
		HideSolutionNode = FALSE
	EndGlobalSection
	GlobalSection(ExtensibilityGlobals) = postSolution
		SolutionGuid = {DC997CDE-C19F-43E4-9D84-876B4C0B382A}
	EndGlobalSection
EndGlobal
