
Microsoft Visual Studio Solution File, Format Version 12.00
# Visual Studio Version 17
VisualStudioVersion = 17.14.36414.22 d17.14
MinimumVisualStudioVersion = 10.0.40219.1
Project("{FAE04EC0-301F-11D3-BF4B-00C04F79EFBC}") = "NT106_2.2", "NT106_2.2.csproj", "{7ACE851B-2313-4AA2-AE4A-FE145E3E092E}"
EndProject
Global
	GlobalSection(SolutionConfigurationPlatforms) = preSolution
		Debug|Any CPU = Debug|Any CPU
		Release|Any CPU = Release|Any CPU
	EndGlobalSection
	GlobalSection(ProjectConfigurationPlatforms) = postSolution
		{7ACE851B-2313-4AA2-AE4A-FE145E3E092E}.Debug|Any CPU.ActiveCfg = Debug|Any CPU
		{7ACE851B-2313-4AA2-AE4A-FE145E3E092E}.Debug|Any CPU.Build.0 = Debug|Any CPU
		{7ACE851B-2313-4AA2-AE4A-FE145E3E092E}.Release|Any CPU.ActiveCfg = Release|Any CPU
		{7ACE851B-2313-4AA2-AE4A-FE145E3E092E}.Release|Any CPU.Build.0 = Release|Any CPU
	EndGlobalSection
	GlobalSection(SolutionProperties) = preSolution
		HideSolutionNode = FALSE
	EndGlobalSection
	GlobalSection(ExtensibilityGlobals) = postSolution
		SolutionGuid = {224B1A74-CFB5-44FF-AE93-253F1F0696B9}
	EndGlobalSection
EndGlobal
